
Microsoft Visual Studio Solution File, Format Version 12.00
# Visual Studio Version 17
VisualStudioVersion = 17.8.34316.72
MinimumVisualStudioVersion = 10.0.40219.1
Project("{9A19103F-16F7-4668-BE54-9A1E7A4F7556}") = "API.Imobiliaria", "API.Imobiliaria.csproj", "{759CBFE5-9312-44C8-B801-046A883A0979}"
EndProject
Project("{2150E333-8FDC-42A3-9474-1A3956D46DE8}") = "src", "src", "{78993A51-34FC-4D56-BEC6-591F6607EA4C}"
EndProject
Project("{2150E333-8FDC-42A3-9474-1A3956D46DE8}") = "API", "API", "{A1881A54-BB2C-4FA5-81D4-3F5F59F09894}"
EndProject
Project("{2150E333-8FDC-42A3-9474-1A3956D46DE8}") = "Tests", "Tests", "{5FE4135E-5B79-4306-9907-CECFACA12708}"
EndProject
Project("{2150E333-8FDC-42A3-9474-1A3956D46DE8}") = "Core", "Core", "{855B5ABE-EA99-4922-A9FB-07F09BA3BC49}"
EndProject
Project("{2150E333-8FDC-42A3-9474-1A3956D46DE8}") = "Services", "Services", "{9A94CEF0-CC44-49D6-BDB7-7EDBD0319F30}"
EndProject
Project("{9A19103F-16F7-4668-BE54-9A1E7A4F7556}") = "API.Imobiliaria.SharedKernel", "..\..\Core\API.Imobiliaria.SharedKernel\API.Imobiliaria.SharedKernel.csproj", "{B789CECE-2648-40FC-A280-85017A1D745D}"
EndProject
Project("{9A19103F-16F7-4668-BE54-9A1E7A4F7556}") = "API.Imobiliaria.Aplicacao", "..\..\Services\API.Imobiliaria.Aplicacao\API.Imobiliaria.Aplicacao.csproj", "{CF07D575-8E5C-4D84-B2CC-0574228FD6AA}"
EndProject
Project("{9A19103F-16F7-4668-BE54-9A1E7A4F7556}") = "API.Imobiliaria.Data", "..\..\Services\API.Imobiliaria.Data\API.Imobiliaria.Data.csproj", "{9B195419-6752-4C34-892C-A15B9F7F8B0B}"
EndProject
Project("{9A19103F-16F7-4668-BE54-9A1E7A4F7556}") = "API.Imobiliaria.Dominio", "..\..\Services\API.Imobiliaria.Dominio\API.Imobiliaria.Dominio.csproj", "{51D6D002-CF49-49B2-B844-C8FFAF802973}"
EndProject
Project("{9A19103F-16F7-4668-BE54-9A1E7A4F7556}") = "API.Imobiliaria.Infraestructure", "..\..\Services\API.Imobiliaria.Infraestructure\API.Imobiliaria.Infraestructure.csproj", "{10B33FC5-1341-48FF-9FB2-A0EC1BD99A9B}"
EndProject
Project("{9A19103F-16F7-4668-BE54-9A1E7A4F7556}") = "API.Imobiliaria.IoC", "..\..\Services\API.Imobiliaria.IoC\API.Imobiliaria.IoC.csproj", "{A6E57E67-0758-4F79-93B9-61152FD61461}"
EndProject
Project("{9A19103F-16F7-4668-BE54-9A1E7A4F7556}") = "API.Imobiliaria.Tests", "..\..\Tests\API.Imobiliaria.Tests\API.Imobiliaria.Tests.csproj", "{9D7B40E9-AD3D-4941-8482-402C3E4A5787}"
EndProject
Global
	GlobalSection(SolutionConfigurationPlatforms) = preSolution
		Debug|Any CPU = Debug|Any CPU
		Release|Any CPU = Release|Any CPU
	EndGlobalSection
	GlobalSection(ProjectConfigurationPlatforms) = postSolution
		{759CBFE5-9312-44C8-B801-046A883A0979}.Debug|Any CPU.ActiveCfg = Debug|Any CPU
		{759CBFE5-9312-44C8-B801-046A883A0979}.Debug|Any CPU.Build.0 = Debug|Any CPU
		{759CBFE5-9312-44C8-B801-046A883A0979}.Release|Any CPU.ActiveCfg = Release|Any CPU
		{759CBFE5-9312-44C8-B801-046A883A0979}.Release|Any CPU.Build.0 = Release|Any CPU
		{B789CECE-2648-40FC-A280-85017A1D745D}.Debug|Any CPU.ActiveCfg = Debug|Any CPU
		{B789CECE-2648-40FC-A280-85017A1D745D}.Debug|Any CPU.Build.0 = Debug|Any CPU
		{B789CECE-2648-40FC-A280-85017A1D745D}.Release|Any CPU.ActiveCfg = Release|Any CPU
		{B789CECE-2648-40FC-A280-85017A1D745D}.Release|Any CPU.Build.0 = Release|Any CPU
		{CF07D575-8E5C-4D84-B2CC-0574228FD6AA}.Debug|Any CPU.ActiveCfg = Debug|Any CPU
		{CF07D575-8E5C-4D84-B2CC-0574228FD6AA}.Debug|Any CPU.Build.0 = Debug|Any CPU
		{CF07D575-8E5C-4D84-B2CC-0574228FD6AA}.Release|Any CPU.ActiveCfg = Release|Any CPU
		{CF07D575-8E5C-4D84-B2CC-0574228FD6AA}.Release|Any CPU.Build.0 = Release|Any CPU
		{9B195419-6752-4C34-892C-A15B9F7F8B0B}.Debug|Any CPU.ActiveCfg = Debug|Any CPU
		{9B195419-6752-4C34-892C-A15B9F7F8B0B}.Debug|Any CPU.Build.0 = Debug|Any CPU
		{9B195419-6752-4C34-892C-A15B9F7F8B0B}.Release|Any CPU.ActiveCfg = Release|Any CPU
		{9B195419-6752-4C34-892C-A15B9F7F8B0B}.Release|Any CPU.Build.0 = Release|Any CPU
		{51D6D002-CF49-49B2-B844-C8FFAF802973}.Debug|Any CPU.ActiveCfg = Debug|Any CPU
		{51D6D002-CF49-49B2-B844-C8FFAF802973}.Debug|Any CPU.Build.0 = Debug|Any CPU
		{51D6D002-CF49-49B2-B844-C8FFAF802973}.Release|Any CPU.ActiveCfg = Release|Any CPU
		{51D6D002-CF49-49B2-B844-C8FFAF802973}.Release|Any CPU.Build.0 = Release|Any CPU
		{10B33FC5-1341-48FF-9FB2-A0EC1BD99A9B}.Debug|Any CPU.ActiveCfg = Debug|Any CPU
		{10B33FC5-1341-48FF-9FB2-A0EC1BD99A9B}.Debug|Any CPU.Build.0 = Debug|Any CPU
		{10B33FC5-1341-48FF-9FB2-A0EC1BD99A9B}.Release|Any CPU.ActiveCfg = Release|Any CPU
		{10B33FC5-1341-48FF-9FB2-A0EC1BD99A9B}.Release|Any CPU.Build.0 = Release|Any CPU
		{A6E57E67-0758-4F79-93B9-61152FD61461}.Debug|Any CPU.ActiveCfg = Debug|Any CPU
		{A6E57E67-0758-4F79-93B9-61152FD61461}.Debug|Any CPU.Build.0 = Debug|Any CPU
		{A6E57E67-0758-4F79-93B9-61152FD61461}.Release|Any CPU.ActiveCfg = Release|Any CPU
		{A6E57E67-0758-4F79-93B9-61152FD61461}.Release|Any CPU.Build.0 = Release|Any CPU
		{9D7B40E9-AD3D-4941-8482-402C3E4A5787}.Debug|Any CPU.ActiveCfg = Debug|Any CPU
		{9D7B40E9-AD3D-4941-8482-402C3E4A5787}.Debug|Any CPU.Build.0 = Debug|Any CPU
		{9D7B40E9-AD3D-4941-8482-402C3E4A5787}.Release|Any CPU.ActiveCfg = Release|Any CPU
		{9D7B40E9-AD3D-4941-8482-402C3E4A5787}.Release|Any CPU.Build.0 = Release|Any CPU
	EndGlobalSection
	GlobalSection(SolutionProperties) = preSolution
		HideSolutionNode = FALSE
	EndGlobalSection
	GlobalSection(NestedProjects) = preSolution
		{759CBFE5-9312-44C8-B801-046A883A0979} = {A1881A54-BB2C-4FA5-81D4-3F5F59F09894}
		{A1881A54-BB2C-4FA5-81D4-3F5F59F09894} = {78993A51-34FC-4D56-BEC6-591F6607EA4C}
		{5FE4135E-5B79-4306-9907-CECFACA12708} = {78993A51-34FC-4D56-BEC6-591F6607EA4C}
		{855B5ABE-EA99-4922-A9FB-07F09BA3BC49} = {78993A51-34FC-4D56-BEC6-591F6607EA4C}
		{9A94CEF0-CC44-49D6-BDB7-7EDBD0319F30} = {78993A51-34FC-4D56-BEC6-591F6607EA4C}
		{B789CECE-2648-40FC-A280-85017A1D745D} = {855B5ABE-EA99-4922-A9FB-07F09BA3BC49}
		{CF07D575-8E5C-4D84-B2CC-0574228FD6AA} = {9A94CEF0-CC44-49D6-BDB7-7EDBD0319F30}
		{9B195419-6752-4C34-892C-A15B9F7F8B0B} = {9A94CEF0-CC44-49D6-BDB7-7EDBD0319F30}
		{51D6D002-CF49-49B2-B844-C8FFAF802973} = {9A94CEF0-CC44-49D6-BDB7-7EDBD0319F30}
		{10B33FC5-1341-48FF-9FB2-A0EC1BD99A9B} = {9A94CEF0-CC44-49D6-BDB7-7EDBD0319F30}
		{A6E57E67-0758-4F79-93B9-61152FD61461} = {9A94CEF0-CC44-49D6-BDB7-7EDBD0319F30}
		{9D7B40E9-AD3D-4941-8482-402C3E4A5787} = {5FE4135E-5B79-4306-9907-CECFACA12708}
	EndGlobalSection
	GlobalSection(ExtensibilityGlobals) = postSolution
		SolutionGuid = {00A39288-5290-49AB-A195-49CFE9605BAE}
	EndGlobalSection
EndGlobal
